%{
  "elixir_uuid": {:hex, :elixir_uuid, "1.2.1", "dce506597acb7e6b0daeaff52ff6a9043f5919a4c3315abb4143f0b00378c097", [:mix], [], "hexpm", "f7eba2ea6c3555cea09706492716b0d87397b88946e6380898c2889d68585752"},
  "noizu_labs_core": {:hex, :noizu_labs_core, "0.1.3", "20a3aee450e5e3e96454378335f86d26fd8f1163b658cec48c13664b76e1c091", [:mix], [], "hexpm", "f762c6e9fd419edfc90c8b47027e9331d8180c68dd99b6c8674f6e067360d766"},
  "shortuuid": {:hex, :shortuuid, "3.0.0", "028684d9eeed0ad4b800e8481afd854e1a61c526f35952455b2ee4248601e7b8", [:mix], [], "hexpm", "dfd8f80f514cbb91622cb83f4ac0d6e2f06d98cc6d4aeba94444a212289d0d39"},
}
